
Microsoft Visual Studio Solution File, Format Version 12.00
# Visual Studio Version 17
VisualStudioVersion = 17.14.36414.22
MinimumVisualStudioVersion = 10.0.40219.1
Project("{FAE04EC0-301F-11D3-BF4B-00C04F79EFBC}") = "Kirjad", "Kirjad.csproj", "{ACAF6E87-C3D3-4C54-AFA0-818011457B2F}"
EndProject
Global
	GlobalSection(SolutionConfigurationPlatforms) = preSolution
		Debug|Any CPU = Debug|Any CPU
		Release|Any CPU = Release|Any CPU
	EndGlobalSection
	GlobalSection(ProjectConfigurationPlatforms) = postSolution
		{ACAF6E87-C3D3-4C54-AFA0-818011457B2F}.Debug|Any CPU.ActiveCfg = Debug|Any CPU
		{ACAF6E87-C3D3-4C54-AFA0-818011457B2F}.Debug|Any CPU.Build.0 = Debug|Any CPU
		{ACAF6E87-C3D3-4C54-AFA0-818011457B2F}.Release|Any CPU.ActiveCfg = Release|Any CPU
		{ACAF6E87-C3D3-4C54-AFA0-818011457B2F}.Release|Any CPU.Build.0 = Release|Any CPU
	EndGlobalSection
	GlobalSection(SolutionProperties) = preSolution
		HideSolutionNode = FALSE
	EndGlobalSection
	GlobalSection(ExtensibilityGlobals) = postSolution
		SolutionGuid = {C4ED1389-248E-47D5-B31B-2079FE48DD0A}
	EndGlobalSection
EndGlobal
